{
    "_meta": {
        "hash": {
            "sha256": "58340de54751ce766317cdd82a5789bad181984f7dc8f217c60b301301347ff7"
        },
        "host-environment-markers": {
            "implementation_name": "cpython",
            "implementation_version": "0",
            "os_name": "posix",
            "platform_machine": "x86_64",
            "platform_python_implementation": "CPython",
            "platform_release": "15.0.0",
            "platform_system": "Darwin",
            "platform_version": "Darwin Kernel Version 15.0.0: Sat Sep 19 15:53:46 PDT 2015; root:xnu-3247.10.11~1/RELEASE_X86_64",
            "python_full_version": "2.7.10",
            "python_version": "2.7",
            "sys_platform": "darwin"
        },
        "pipfile-spec": 6,
        "requires": {
            "python_full_version": "2.7.14"
        },
        "sources": [
            {
                "name": "pypi",
                "url": "https://pypi.python.org/simple",
                "verify_ssl": true
            }
        ]
    },
    "default": {
        "alembic": {
            "hashes": [],
            "version": "==0.9.9"
        },
        "argparse": {
            "hashes": [],
            "version": "==1.4.0"
        },
        "beautifulsoup4": {
            "hashes": [],
            "version": "==4.6.0"
        },
        "blinker": {
            "hashes": [],
            "version": "==1.4"
        },
        "certifi": {
            "hashes": [],
            "version": "==2018.1.18"
        },
        "chardet": {
            "hashes": [],
            "version": "==3.0.4"
        },
        "click": {
            "hashes": [],
            "version": "==6.7"
        },
        "colorama": {
            "hashes": [],
            "version": "==0.3.9"
        },
        "contextlib2": {
            "hashes": [],
            "markers": "python_version < '3.2'",
            "version": "==0.5.5"
        },
        "decorator": {
            "hashes": [],
            "version": "==4.2.1"
        },
        "flask": {
            "hashes": [],
            "version": "==0.12.2"
        },
        "flask-htmlmin": {
            "hashes": [],
            "version": "==1.3.2"
        },
        "flask-login": {
            "hashes": [],
            "version": "==0.4.1"
        },
        "flask-migrate": {
            "hashes": [],
            "version": "==2.1.1"
        },
        "flask-script": {
            "hashes": [],
            "version": "==2.0.6"
        },
        "flask-sqlalchemy": {
            "hashes": [],
            "version": "==2.3.2"
        },
        "flask-wtf": {
            "hashes": [],
            "version": "==0.14.2"
        },
        "gunicorn": {
            "hashes": [],
            "version": "==19.7.1"
        },
        "htmlmin": {
            "hashes": [],
            "version": "==0.1.12"
        },
        "httplib2": {
            "hashes": [],
            "version": "==0.11.0"
        },
        "idna": {
            "hashes": [],
            "version": "==2.6"
        },
        "itsdangerous": {
            "hashes": [],
            "version": "==0.24"
        },
        "jinja2": {
            "hashes": [],
            "version": "==2.10"
        },
        "linecache2": {
            "hashes": [],
            "version": "==1.0.0"
        },
        "logging": {
            "hashes": [],
            "version": "==0.4.9.6"
        },
        "lxml": {
            "hashes": [],
            "version": "==4.2.1"
        },
        "mako": {
            "hashes": [],
            "version": "==1.0.7"
        },
        "markupsafe": {
            "hashes": [],
            "version": "==1.0"
        },
        "oauthlib": {
            "hashes": [],
            "version": "==2.0.7"
        },
        "ordereddict": {
            "hashes": [],
            "version": "==1.1"
        },
        "parse": {
            "hashes": [],
            "version": "==1.8.2"
        },
        "passlib": {
            "hashes": [],
            "version": "==1.7.1"
        },
        "pbr": {
            "hashes": [],
            "version": "==3.1.1"
        },
        "psycopg2-binary": {
            "hashes": [],
            "version": "==2.7.4"
        },
        "python-dateutil": {
            "hashes": [],
            "version": "==2.7.0"
        },
        "python-editor": {
            "hashes": [],
            "version": "==1.0.3"
        },
        "python-wordpress": {
            "hashes": [],
            "version": "==0.1.3"
        },
        "python-wordpress-xmlrpc": {
            "hashes": [],
            "version": "==2.3"
        },
        "raven": {
            "hashes": [],
            "version": "==6.6.0"
        },
        "requests": {
            "hashes": [],
            "version": "==2.18.4"
        },
        "requests-oauthlib": {
            "hashes": [],
            "version": "==0.8.0"
        },
        "requirements": {
            "hashes": [],
            "version": "==0.1"
        },
        "six": {
            "hashes": [],
            "version": "==1.11.0"
        },
        "sqlalchemy": {
            "hashes": [],
            "version": "==1.2.5"
        },
        "sqlalchemy-migrate": {
            "hashes": [],
            "version": "==0.11.0"
        },
        "sqlparse": {
            "hashes": [],
            "version": "==0.2.4"
        },
        "tempita": {
            "hashes": [],
            "version": "==0.5.2"
        },
        "traceback2": {
            "hashes": [],
            "version": "==1.4.0"
        },
        "unittest2": {
            "hashes": [],
            "version": "==1.1.0"
        },
        "urllib3": {
            "hashes": [],
            "version": "==1.22"
        },
        "werkzeug": {
            "hashes": [],
            "version": "==0.14.1"
        },
        "wordpress-api": {
            "hashes": [],
            "version": "==1.2.6"
        },
        "wordpress-json": {
            "hashes": [],
            "version": "==0.3.1"
        },
        "wtforms": {
            "hashes": [],
            "version": "==2.1"
        }
    },
    "develop": {}
}